// !$*UTF8*$!
{
	archiveVersion = 1;
	classes = {
	};
	objectVersion = 46;
	objects = {

/* Begin PBXBuildFile section */
		9D8F851815EEF8A60079425A /* UIKit.framework in Frameworks */ = {isa = PBXBuildFile; fileRef = 9D8F851715EEF8A60079425A /* UIKit.framework */; };
		9D8F851A15EEF8A60079425A /* Foundation.framework in Frameworks */ = {isa = PBXBuildFile; fileRef = 9D8F851915EEF8A60079425A /* Foundation.framework */; };
		9D8F851C15EEF8A60079425A /* CoreGraphics.framework in Frameworks */ = {isa = PBXBuildFile; fileRef = 9D8F851B15EEF8A60079425A /* CoreGraphics.framework */; };
		9D8F852215EEF8A60079425A /* InfoPlist.strings in Resources */ = {isa = PBXBuildFile; fileRef = 9D8F852015EEF8A60079425A /* InfoPlist.strings */; };
		9D8F852415EEF8A60079425A /* main.m in Sources */ = {isa = PBXBuildFile; fileRef = 9D8F852315EEF8A60079425A /* main.m */; };
		9D8F852815EEF8A60079425A /* AppDelegate.m in Sources */ = {isa = PBXBuildFile; fileRef = 9D8F852715EEF8A60079425A /* AppDelegate.m */; };
		9D8F853015EEF8A60079425A /* SenTestingKit.framework in Frameworks */ = {isa = PBXBuildFile; fileRef = 9D8F852F15EEF8A60079425A /* SenTestingKit.framework */; };
		9D8F853115EEF8A60079425A /* UIKit.framework in Frameworks */ = {isa = PBXBuildFile; fileRef = 9D8F851715EEF8A60079425A /* UIKit.framework */; };
		9D8F853215EEF8A60079425A /* Foundation.framework in Frameworks */ = {isa = PBXBuildFile; fileRef = 9D8F851915EEF8A60079425A /* Foundation.framework */; };
		9D8F853A15EEF8A60079425A /* InfoPlist.strings in Resources */ = {isa = PBXBuildFile; fileRef = 9D8F853815EEF8A60079425A /* InfoPlist.strings */; };
		9D8F853D15EEF8A60079425A /* testAppTests.m in Sources */ = {isa = PBXBuildFile; fileRef = 9D8F853C15EEF8A60079425A /* testAppTests.m */; };
/* End PBXBuildFile section */

/* Begin PBXContainerItemProxy section */
		9D8F853315EEF8A60079425A /* PBXContainerItemProxy */ = {
			isa = PBXContainerItemProxy;
			containerPortal = 9D8F850A15EEF8A60079425A /* Project object */;
			proxyType = 1;
			remoteGlobalIDString = 9D8F851215EEF8A60079425A;
			remoteInfo = testApp;
		};
/* End PBXContainerItemProxy section */

/* Begin PBXFileReference section */
		9D8F851315EEF8A60079425A /* testApp.app */ = {isa = PBXFileReference; explicitFileType = wrapper.application; includeInIndex = 0; path = testApp.app; sourceTree = BUILT_PRODUCTS_DIR; };
		9D8F851715EEF8A60079425A /* UIKit.framework */ = {isa = PBXFileReference; lastKnownFileType = wrapper.framework; name = UIKit.framework; path = System/Library/Frameworks/UIKit.framework; sourceTree = SDKROOT; };
		9D8F851915EEF8A60079425A /* Foundation.framework */ = {isa = PBXFileReference; lastKnownFileType = wrapper.framework; name = Foundation.framework; path = System/Library/Frameworks/Foundation.framework; sourceTree = SDKROOT; };
		9D8F851B15EEF8A60079425A /* CoreGraphics.framework */ = {isa = PBXFileReference; lastKnownFileType = wrapper.framework; name = CoreGraphics.framework; path = System/Library/Frameworks/CoreGraphics.framework; sourceTree = SDKROOT; };
		9D8F851F15EEF8A60079425A /* testApp-Info.plist */ = {isa = PBXFileReference; lastKnownFileType = text.plist.xml; path = "testApp-Info.plist"; sourceTree = "<group>"; };
		9D8F852115EEF8A60079425A /* en */ = {isa = PBXFileReference; lastKnownFileType = text.plist.strings; name = en; path = en.lproj/InfoPlist.strings; sourceTree = "<group>"; };
		9D8F852315EEF8A60079425A /* main.m */ = {isa = PBXFileReference; lastKnownFileType = sourcecode.c.objc; path = main.m; sourceTree = "<group>"; };
		9D8F852515EEF8A60079425A /* testApp-Prefix.pch */ = {isa = PBXFileReference; lastKnownFileType = sourcecode.c.h; path = "testApp-Prefix.pch"; sourceTree = "<group>"; };
		9D8F852615EEF8A60079425A /* AppDelegate.h */ = {isa = PBXFileReference; lastKnownFileType = sourcecode.c.h; path = AppDelegate.h; sourceTree = "<group>"; };
		9D8F852715EEF8A60079425A /* AppDelegate.m */ = {isa = PBXFileReference; lastKnownFileType = sourcecode.c.objc; path = AppDelegate.m; sourceTree = "<group>"; };
		9D8F852E15EEF8A60079425A /* testAppTests.octest */ = {isa = PBXFileReference; explicitFileType = wrapper.cfbundle; includeInIndex = 0; path = testAppTests.octest; sourceTree = BUILT_PRODUCTS_DIR; };
		9D8F852F15EEF8A60079425A /* SenTestingKit.framework */ = {isa = PBXFileReference; lastKnownFileType = wrapper.framework; name = SenTestingKit.framework; path = Library/Frameworks/SenTestingKit.framework; sourceTree = DEVELOPER_DIR; };
		9D8F853715EEF8A60079425A /* testAppTests-Info.plist */ = {isa = PBXFileReference; lastKnownFileType = text.plist.xml; path = "testAppTests-Info.plist"; sourceTree = "<group>"; };
		9D8F853915EEF8A60079425A /* en */ = {isa = PBXFileReference; lastKnownFileType = text.plist.strings; name = en; path = en.lproj/InfoPlist.strings; sourceTree = "<group>"; };
		9D8F853B15EEF8A60079425A /* testAppTests.h */ = {isa = PBXFileReference; lastKnownFileType = sourcecode.c.h; path = testAppTests.h; sourceTree = "<group>"; };
		9D8F853C15EEF8A60079425A /* testAppTests.m */ = {isa = PBXFileReference; lastKnownFileType = sourcecode.c.objc; path = testAppTests.m; sourceTree = "<group>"; };
/* End PBXFileReference section */

/* Begin PBXFrameworksBuildPhase section */
		9D8F851015EEF8A60079425A /* Frameworks */ = {
			isa = PBXFrameworksBuildPhase;
			buildActionMask = 2147483647;
			files = (
				9D8F851815EEF8A60079425A /* UIKit.framework in Frameworks */,
				9D8F851A15EEF8A60079425A /* Foundation.framework in Frameworks */,
				9D8F851C15EEF8A60079425A /* CoreGraphics.framework in Frameworks */,
			);
			runOnlyForDeploymentPostprocessing = 0;
		};
		9D8F852A15EEF8A60079425A /* Frameworks */ = {
			isa = PBXFrameworksBuildPhase;
			buildActionMask = 2147483647;
			files = (
				9D8F853015EEF8A60079425A /* SenTestingKit.framework in Frameworks */,
				9D8F853115EEF8A60079425A /* UIKit.framework in Frameworks */,
				9D8F853215EEF8A60079425A /* Foundation.framework in Frameworks */,
			);
			runOnlyForDeploymentPostprocessing = 0;
		};
/* End PBXFrameworksBuildPhase section */

/* Begin PBXGroup section */
		9D8F850815EEF8A60079425A = {
			isa = PBXGroup;
			children = (
				9D8F851D15EEF8A60079425A /* testApp */,
				9D8F853515EEF8A60079425A /* testAppTests */,
				9D8F851615EEF8A60079425A /* Frameworks */,
				9D8F851415EEF8A60079425A /* Products */,
			);
			sourceTree = "<group>";
		};
		9D8F851415EEF8A60079425A /* Products */ = {
			isa = PBXGroup;
			children = (
				9D8F851315EEF8A60079425A /* testApp.app */,
				9D8F852E15EEF8A60079425A /* testAppTests.octest */,
			);
			name = Products;
			sourceTree = "<group>";
		};
		9D8F851615EEF8A60079425A /* Frameworks */ = {
			isa = PBXGroup;
			children = (
				9D8F851715EEF8A60079425A /* UIKit.framework */,
				9D8F851915EEF8A60079425A /* Foundation.framework */,
				9D8F851B15EEF8A60079425A /* CoreGraphics.framework */,
				9D8F852F15EEF8A60079425A /* SenTestingKit.framework */,
			);
			name = Frameworks;
			sourceTree = "<group>";
		};
		9D8F851D15EEF8A60079425A /* testApp */ = {
			isa = PBXGroup;
			children = (
				9D8F852615EEF8A60079425A /* AppDelegate.h */,
				9D8F852715EEF8A60079425A /* AppDelegate.m */,
				9D8F851E15EEF8A60079425A /* Supporting Files */,
			);
			path = testApp;
			sourceTree = "<group>";
		};
		9D8F851E15EEF8A60079425A /* Supporting Files */ = {
			isa = PBXGroup;
			children = (
				9D8F851F15EEF8A60079425A /* testApp-Info.plist */,
				9D8F852015EEF8A60079425A /* InfoPlist.strings */,
				9D8F852315EEF8A60079425A /* main.m */,
				9D8F852515EEF8A60079425A /* testApp-Prefix.pch */,
			);
			name = "Supporting Files";
			sourceTree = "<group>";
		};
		9D8F853515EEF8A60079425A /* testAppTests */ = {
			isa = PBXGroup;
			children = (
				9D8F853B15EEF8A60079425A /* testAppTests.h */,
				9D8F853C15EEF8A60079425A /* testAppTests.m */,
				9D8F853615EEF8A60079425A /* Supporting Files */,
			);
			path = testAppTests;
			sourceTree = "<group>";
		};
		9D8F853615EEF8A60079425A /* Supporting Files */ = {
			isa = PBXGroup;
			children = (
				9D8F853715EEF8A60079425A /* testAppTests-Info.plist */,
				9D8F853815EEF8A60079425A /* InfoPlist.strings */,
			);
			name = "Supporting Files";
			sourceTree = "<group>";
		};
/* End PBXGroup section */

/* Begin PBXNativeTarget section */
		9D8F851215EEF8A60079425A /* testApp */ = {
			isa = PBXNativeTarget;
			buildConfigurationList = 9D8F854015EEF8A60079425A /* Build configuration list for PBXNativeTarget "testApp" */;
			buildPhases = (
				9D8F850F15EEF8A60079425A /* Sources */,
				9D8F851015EEF8A60079425A /* Frameworks */,
				9D8F851115EEF8A60079425A /* Resources */,
			);
			buildRules = (
			);
			dependencies = (
			);
			name = testApp;
			productName = testApp;
			productReference = 9D8F851315EEF8A60079425A /* testApp.app */;
			productType = "com.apple.product-type.application";
		};
		9D8F852D15EEF8A60079425A /* testAppTests */ = {
			isa = PBXNativeTarget;
			buildConfigurationList = 9D8F854315EEF8A60079425A /* Build configuration list for PBXNativeTarget "testAppTests" */;
			buildPhases = (
				9D8F852915EEF8A60079425A /* Sources */,
				9D8F852A15EEF8A60079425A /* Frameworks */,
				9D8F852B15EEF8A60079425A /* Resources */,
				9D8F852C15EEF8A60079425A /* ShellScript */,
			);
			buildRules = (
			);
			dependencies = (
				9D8F853415EEF8A60079425A /* PBXTargetDependency */,
			);
			name = testAppTests;
			productName = testAppTests;
			productReference = 9D8F852E15EEF8A60079425A /* testAppTests.octest */;
			productType = "com.apple.product-type.bundle";
		};
/* End PBXNativeTarget section */

/* Begin PBXProject section */
		9D8F850A15EEF8A60079425A /* Project object */ = {
			isa = PBXProject;
			attributes = {
				LastUpgradeCheck = 0440;
				ORGANIZATIONNAME = "Richard Inniss";
			};
			buildConfigurationList = 9D8F850D15EEF8A60079425A /* Build configuration list for PBXProject "testApp" */;
			compatibilityVersion = "Xcode 3.2";
			developmentRegion = English;
			hasScannedForEncodings = 0;
			knownRegions = (
				en,
			);
			mainGroup = 9D8F850815EEF8A60079425A;
			productRefGroup = 9D8F851415EEF8A60079425A /* Products */;
			projectDirPath = "";
			projectRoot = "";
			targets = (
				9D8F851215EEF8A60079425A /* testApp */,
				9D8F852D15EEF8A60079425A /* testAppTests */,
			);
		};
/* End PBXProject section */

/* Begin PBXResourcesBuildPhase section */
		9D8F851115EEF8A60079425A /* Resources */ = {
			isa = PBXResourcesBuildPhase;
			buildActionMask = 2147483647;
			files = (
				9D8F852215EEF8A60079425A /* InfoPlist.strings in Resources */,
			);
			runOnlyForDeploymentPostprocessing = 0;
		};
		9D8F852B15EEF8A60079425A /* Resources */ = {
			isa = PBXResourcesBuildPhase;
			buildActionMask = 2147483647;
			files = (
				9D8F853A15EEF8A60079425A /* InfoPlist.strings in Resources */,
			);
			runOnlyForDeploymentPostprocessing = 0;
		};
/* End PBXResourcesBuildPhase section */

/* Begin PBXShellScriptBuildPhase section */
		9D8F852C15EEF8A60079425A /* ShellScript */ = {
			isa = PBXShellScriptBuildPhase;
			buildActionMask = 2147483647;
			files = (
			);
			inputPaths = (
			);
			outputPaths = (
			);
			runOnlyForDeploymentPostprocessing = 0;
			shellPath = /bin/sh;
			shellScript = "# Run the unit tests in this test bundle.\n\"${SYSTEM_DEVELOPER_DIR}/Tools/RunUnitTests\"\n";
		};
/* End PBXShellScriptBuildPhase section */

/* Begin PBXSourcesBuildPhase section */
		9D8F850F15EEF8A60079425A /* Sources */ = {
			isa = PBXSourcesBuildPhase;
			buildActionMask = 2147483647;
			files = (
				9D8F852415EEF8A60079425A /* main.m in Sources */,
				9D8F852815EEF8A60079425A /* AppDelegate.m in Sources */,
			);
			runOnlyForDeploymentPostprocessing = 0;
		};
		9D8F852915EEF8A60079425A /* Sources */ = {
			isa = PBXSourcesBuildPhase;
			buildActionMask = 2147483647;
			files = (
				9D8F853D15EEF8A60079425A /* testAppTests.m in Sources */,
			);
			runOnlyForDeploymentPostprocessing = 0;
		};
/* End PBXSourcesBuildPhase section */

/* Begin PBXTargetDependency section */
		9D8F853415EEF8A60079425A /* PBXTargetDependency */ = {
			isa = PBXTargetDependency;
			target = 9D8F851215EEF8A60079425A /* testApp */;
			targetProxy = 9D8F853315EEF8A60079425A /* PBXContainerItemProxy */;
		};
/* End PBXTargetDependency section */

/* Begin PBXVariantGroup section */
		9D8F852015EEF8A60079425A /* InfoPlist.strings */ = {
			isa = PBXVariantGroup;
			children = (
				9D8F852115EEF8A60079425A /* en */,
			);
			name = InfoPlist.strings;
			sourceTree = "<group>";
		};
		9D8F853815EEF8A60079425A /* InfoPlist.strings */ = {
			isa = PBXVariantGroup;
			children = (
				9D8F853915EEF8A60079425A /* en */,
			);
			name = InfoPlist.strings;
			sourceTree = "<group>";
		};
/* End PBXVariantGroup section */

/* Begin XCBuildConfiguration section */
		9D8F853E15EEF8A60079425A /* Debug */ = {
			isa = XCBuildConfiguration;
			buildSettings = {
				ALWAYS_SEARCH_USER_PATHS = NO;
				ARCHS = "$(ARCHS_STANDARD_32_BIT)";
				CLANG_CXX_LANGUAGE_STANDARD = "gnu++0x";
				CLANG_ENABLE_OBJC_ARC = YES;
				CLANG_WARN__DUPLICATE_METHOD_MATCH = YES;
				"CODE_SIGN_IDENTITY[sdk=iphoneos*]" = "iPhone Developer";
				COPY_PHASE_STRIP = NO;
				GCC_C_LANGUAGE_STANDARD = gnu99;
				GCC_DYNAMIC_NO_PIC = NO;
				GCC_OPTIMIZATION_LEVEL = 0;
				GCC_PREPROCESSOR_DEFINITIONS = (
					"DEBUG=1",
					"$(inherited)",
				);
				GCC_SYMBOLS_PRIVATE_EXTERN = NO;
				GCC_VERSION = com.apple.compilers.llvm.clang.1_0;
				GCC_WARN_ABOUT_RETURN_TYPE = YES;
				GCC_WARN_UNINITIALIZED_AUTOS = YES;
				GCC_WARN_UNUSED_VARIABLE = YES;
				IPHONEOS_DEPLOYMENT_TARGET = 5.1;
				SDKROOT = iphoneos;
			};
			name = Debug;
		};
		9D8F853F15EEF8A60079425A /* Release */ = {
			isa = XCBuildConfiguration;
			buildSettings = {
				ALWAYS_SEARCH_USER_PATHS = NO;
				ARCHS = "$(ARCHS_STANDARD_32_BIT)";
				CLANG_CXX_LANGUAGE_STANDARD = "gnu++0x";
				CLANG_ENABLE_OBJC_ARC = YES;
				CLANG_WARN__DUPLICATE_METHOD_MATCH = YES;
				"CODE_SIGN_IDENTITY[sdk=iphoneos*]" = "iPhone Developer";
				COPY_PHASE_STRIP = YES;
				GCC_C_LANGUAGE_STANDARD = gnu99;
				GCC_VERSION = com.apple.compilers.llvm.clang.1_0;
				GCC_WARN_ABOUT_RETURN_TYPE = YES;
				GCC_WARN_UNINITIALIZED_AUTOS = YES;
				GCC_WARN_UNUSED_VARIABLE = YES;
				IPHONEOS_DEPLOYMENT_TARGET = 5.1;
				OTHER_CFLAGS = "-DNS_BLOCK_ASSERTIONS=1";
				SDKROOT = iphoneos;
				VALIDATE_PRODUCT = YES;
			};
			name = Release;
		};
		9D8F854115EEF8A60079425A /* Debug */ = {
			isa = XCBuildConfiguration;
			buildSettings = {
				GCC_PRECOMPILE_PREFIX_HEADER = YES;
				GCC_PREFIX_HEADER = "testApp/testApp-Prefix.pch";
				INFOPLIST_FILE = "testApp/testApp-Info.plist";
				PRODUCT_NAME = "$(TARGET_NAME)";
				WRAPPER_EXTENSION = app;
			};
			name = Debug;
		};
		9D8F854215EEF8A60079425A /* Release */ = {
			isa = XCBuildConfiguration;
			buildSettings = {
				GCC_PRECOMPILE_PREFIX_HEADER = YES;
				GCC_PREFIX_HEADER = "testApp/testApp-Prefix.pch";
				INFOPLIST_FILE = "testApp/testApp-Info.plist";
				PRODUCT_NAME = "$(TARGET_NAME)";
				WRAPPER_EXTENSION = app;
			};
			name = Release;
		};
		9D8F854415EEF8A60079425A /* Debug */ = {
			isa = XCBuildConfiguration;
			buildSettings = {
				BUNDLE_LOADER = "$(BUILT_PRODUCTS_DIR)/testApp.app/testApp";
				FRAMEWORK_SEARCH_PATHS = (
					"\"$(SDKROOT)/Developer/Library/Frameworks\"",
					"\"$(DEVELOPER_LIBRARY_DIR)/Frameworks\"",
				);
				GCC_PRECOMPILE_PREFIX_HEADER = YES;
				GCC_PREFIX_HEADER = "testApp/testApp-Prefix.pch";
				INFOPLIST_FILE = "testAppTests/testAppTests-Info.plist";
				PRODUCT_NAME = "$(TARGET_NAME)";
				TEST_HOST = "$(BUNDLE_LOADER)";
				WRAPPER_EXTENSION = octest;
			};
			name = Debug;
		};
		9D8F854515EEF8A60079425A /* Release */ = {
			isa = XCBuildConfiguration;
			buildSettings = {
				BUNDLE_LOADER = "$(BUILT_PRODUCTS_DIR)/testApp.app/testApp";
				FRAMEWORK_SEARCH_PATHS = (
					"\"$(SDKROOT)/Developer/Library/Frameworks\"",
					"\"$(DEVELOPER_LIBRARY_DIR)/Frameworks\"",
				);
				GCC_PRECOMPILE_PREFIX_HEADER = YES;
				GCC_PREFIX_HEADER = "testApp/testApp-Prefix.pch";
				INFOPLIST_FILE = "testAppTests/testAppTests-Info.plist";
				PRODUCT_NAME = "$(TARGET_NAME)";
				TEST_HOST = "$(BUNDLE_LOADER)";
				WRAPPER_EXTENSION = octest;
			};
			name = Release;
		};
/* End XCBuildConfiguration section */

/* Begin XCConfigurationList section */
		9D8F850D15EEF8A60079425A /* Build configuration list for PBXProject "testApp" */ = {
			isa = XCConfigurationList;
			buildConfigurations = (
				9D8F853E15EEF8A60079425A /* Debug */,
				9D8F853F15EEF8A60079425A /* Release */,
			);
			defaultConfigurationIsVisible = 0;
			defaultConfigurationName = Release;
		};
		9D8F854015EEF8A60079425A /* Build configuration list for PBXNativeTarget "testApp" */ = {
			isa = XCConfigurationList;
			buildConfigurations = (
				9D8F854115EEF8A60079425A /* Debug */,
				9D8F854215EEF8A60079425A /* Release */,
			);
			defaultConfigurationIsVisible = 0;
		};
		9D8F854315EEF8A60079425A /* Build configuration list for PBXNativeTarget "testAppTests" */ = {
			isa = XCConfigurationList;
			buildConfigurations = (
				9D8F854415EEF8A60079425A /* Debug */,
				9D8F854515EEF8A60079425A /* Release */,
			);
			defaultConfigurationIsVisible = 0;
		};
/* End XCConfigurationList section */
	};
	rootObject = 9D8F850A15EEF8A60079425A /* Project object */;
}
