// !$*UTF8*$!
{
	archiveVersion = 1;
	classes = {
	};
	objectVersion = 46;
	objects = {

/* Begin PBXBuildFile section */
		9D3B98E615F988FD00373277 /* UIKit.framework in Frameworks */ = {isa = PBXBuildFile; fileRef = 9D3B98E515F988FD00373277 /* UIKit.framework */; };
		9D3B98E815F988FD00373277 /* Foundation.framework in Frameworks */ = {isa = PBXBuildFile; fileRef = 9D3B98E715F988FD00373277 /* Foundation.framework */; };
		9D3B98EA15F988FD00373277 /* CoreGraphics.framework in Frameworks */ = {isa = PBXBuildFile; fileRef = 9D3B98E915F988FD00373277 /* CoreGraphics.framework */; };
		9D3B98F015F988FD00373277 /* InfoPlist.strings in Resources */ = {isa = PBXBuildFile; fileRef = 9D3B98EE15F988FD00373277 /* InfoPlist.strings */; };
		9D3B98F215F988FD00373277 /* main.m in Sources */ = {isa = PBXBuildFile; fileRef = 9D3B98F115F988FD00373277 /* main.m */; };
		9D3B98F615F988FD00373277 /* AppDelegate.m in Sources */ = {isa = PBXBuildFile; fileRef = 9D3B98F515F988FD00373277 /* AppDelegate.m */; };
		9D3B98F915F988FD00373277 /* MainStoryboard.storyboard in Resources */ = {isa = PBXBuildFile; fileRef = 9D3B98F715F988FD00373277 /* MainStoryboard.storyboard */; };
		9D3B98FC15F988FD00373277 /* ViewController.m in Sources */ = {isa = PBXBuildFile; fileRef = 9D3B98FB15F988FD00373277 /* ViewController.m */; };
		9D3B990415F988FD00373277 /* SenTestingKit.framework in Frameworks */ = {isa = PBXBuildFile; fileRef = 9D3B990315F988FD00373277 /* SenTestingKit.framework */; };
		9D3B990515F988FD00373277 /* UIKit.framework in Frameworks */ = {isa = PBXBuildFile; fileRef = 9D3B98E515F988FD00373277 /* UIKit.framework */; };
		9D3B990615F988FD00373277 /* Foundation.framework in Frameworks */ = {isa = PBXBuildFile; fileRef = 9D3B98E715F988FD00373277 /* Foundation.framework */; };
		9D3B990E15F988FD00373277 /* InfoPlist.strings in Resources */ = {isa = PBXBuildFile; fileRef = 9D3B990C15F988FD00373277 /* InfoPlist.strings */; };
		9D3B991115F988FD00373277 /* weekTwoTests.m in Sources */ = {isa = PBXBuildFile; fileRef = 9D3B991015F988FD00373277 /* weekTwoTests.m */; };
/* End PBXBuildFile section */

/* Begin PBXContainerItemProxy section */
		9D3B990715F988FD00373277 /* PBXContainerItemProxy */ = {
			isa = PBXContainerItemProxy;
			containerPortal = 9D3B98D815F988FC00373277 /* Project object */;
			proxyType = 1;
			remoteGlobalIDString = 9D3B98E015F988FD00373277;
			remoteInfo = weekTwo;
		};
/* End PBXContainerItemProxy section */

/* Begin PBXFileReference section */
		9D3B98E115F988FD00373277 /* weekTwo.app */ = {isa = PBXFileReference; explicitFileType = wrapper.application; includeInIndex = 0; path = weekTwo.app; sourceTree = BUILT_PRODUCTS_DIR; };
		9D3B98E515F988FD00373277 /* UIKit.framework */ = {isa = PBXFileReference; lastKnownFileType = wrapper.framework; name = UIKit.framework; path = System/Library/Frameworks/UIKit.framework; sourceTree = SDKROOT; };
		9D3B98E715F988FD00373277 /* Foundation.framework */ = {isa = PBXFileReference; lastKnownFileType = wrapper.framework; name = Foundation.framework; path = System/Library/Frameworks/Foundation.framework; sourceTree = SDKROOT; };
		9D3B98E915F988FD00373277 /* CoreGraphics.framework */ = {isa = PBXFileReference; lastKnownFileType = wrapper.framework; name = CoreGraphics.framework; path = System/Library/Frameworks/CoreGraphics.framework; sourceTree = SDKROOT; };
		9D3B98ED15F988FD00373277 /* weekTwo-Info.plist */ = {isa = PBXFileReference; lastKnownFileType = text.plist.xml; path = "weekTwo-Info.plist"; sourceTree = "<group>"; };
		9D3B98EF15F988FD00373277 /* en */ = {isa = PBXFileReference; lastKnownFileType = text.plist.strings; name = en; path = en.lproj/InfoPlist.strings; sourceTree = "<group>"; };
		9D3B98F115F988FD00373277 /* main.m */ = {isa = PBXFileReference; lastKnownFileType = sourcecode.c.objc; path = main.m; sourceTree = "<group>"; };
		9D3B98F315F988FD00373277 /* weekTwo-Prefix.pch */ = {isa = PBXFileReference; lastKnownFileType = sourcecode.c.h; path = "weekTwo-Prefix.pch"; sourceTree = "<group>"; };
		9D3B98F415F988FD00373277 /* AppDelegate.h */ = {isa = PBXFileReference; lastKnownFileType = sourcecode.c.h; path = AppDelegate.h; sourceTree = "<group>"; };
		9D3B98F515F988FD00373277 /* AppDelegate.m */ = {isa = PBXFileReference; lastKnownFileType = sourcecode.c.objc; path = AppDelegate.m; sourceTree = "<group>"; };
		9D3B98F815F988FD00373277 /* en */ = {isa = PBXFileReference; lastKnownFileType = file.storyboard; name = en; path = en.lproj/MainStoryboard.storyboard; sourceTree = "<group>"; };
		9D3B98FA15F988FD00373277 /* ViewController.h */ = {isa = PBXFileReference; lastKnownFileType = sourcecode.c.h; path = ViewController.h; sourceTree = "<group>"; };
		9D3B98FB15F988FD00373277 /* ViewController.m */ = {isa = PBXFileReference; lastKnownFileType = sourcecode.c.objc; path = ViewController.m; sourceTree = "<group>"; };
		9D3B990215F988FD00373277 /* weekTwoTests.octest */ = {isa = PBXFileReference; explicitFileType = wrapper.cfbundle; includeInIndex = 0; path = weekTwoTests.octest; sourceTree = BUILT_PRODUCTS_DIR; };
		9D3B990315F988FD00373277 /* SenTestingKit.framework */ = {isa = PBXFileReference; lastKnownFileType = wrapper.framework; name = SenTestingKit.framework; path = Library/Frameworks/SenTestingKit.framework; sourceTree = DEVELOPER_DIR; };
		9D3B990B15F988FD00373277 /* weekTwoTests-Info.plist */ = {isa = PBXFileReference; lastKnownFileType = text.plist.xml; path = "weekTwoTests-Info.plist"; sourceTree = "<group>"; };
		9D3B990D15F988FD00373277 /* en */ = {isa = PBXFileReference; lastKnownFileType = text.plist.strings; name = en; path = en.lproj/InfoPlist.strings; sourceTree = "<group>"; };
		9D3B990F15F988FD00373277 /* weekTwoTests.h */ = {isa = PBXFileReference; lastKnownFileType = sourcecode.c.h; path = weekTwoTests.h; sourceTree = "<group>"; };
		9D3B991015F988FD00373277 /* weekTwoTests.m */ = {isa = PBXFileReference; lastKnownFileType = sourcecode.c.objc; path = weekTwoTests.m; sourceTree = "<group>"; };
/* End PBXFileReference section */

/* Begin PBXFrameworksBuildPhase section */
		9D3B98DE15F988FD00373277 /* Frameworks */ = {
			isa = PBXFrameworksBuildPhase;
			buildActionMask = 2147483647;
			files = (
				9D3B98E615F988FD00373277 /* UIKit.framework in Frameworks */,
				9D3B98E815F988FD00373277 /* Foundation.framework in Frameworks */,
				9D3B98EA15F988FD00373277 /* CoreGraphics.framework in Frameworks */,
			);
			runOnlyForDeploymentPostprocessing = 0;
		};
		9D3B98FE15F988FD00373277 /* Frameworks */ = {
			isa = PBXFrameworksBuildPhase;
			buildActionMask = 2147483647;
			files = (
				9D3B990415F988FD00373277 /* SenTestingKit.framework in Frameworks */,
				9D3B990515F988FD00373277 /* UIKit.framework in Frameworks */,
				9D3B990615F988FD00373277 /* Foundation.framework in Frameworks */,
			);
			runOnlyForDeploymentPostprocessing = 0;
		};
/* End PBXFrameworksBuildPhase section */

/* Begin PBXGroup section */
		9D3B98D615F988FC00373277 = {
			isa = PBXGroup;
			children = (
				9D3B98EB15F988FD00373277 /* weekTwo */,
				9D3B990915F988FD00373277 /* weekTwoTests */,
				9D3B98E415F988FD00373277 /* Frameworks */,
				9D3B98E215F988FD00373277 /* Products */,
			);
			sourceTree = "<group>";
		};
		9D3B98E215F988FD00373277 /* Products */ = {
			isa = PBXGroup;
			children = (
				9D3B98E115F988FD00373277 /* weekTwo.app */,
				9D3B990215F988FD00373277 /* weekTwoTests.octest */,
			);
			name = Products;
			sourceTree = "<group>";
		};
		9D3B98E415F988FD00373277 /* Frameworks */ = {
			isa = PBXGroup;
			children = (
				9D3B98E515F988FD00373277 /* UIKit.framework */,
				9D3B98E715F988FD00373277 /* Foundation.framework */,
				9D3B98E915F988FD00373277 /* CoreGraphics.framework */,
				9D3B990315F988FD00373277 /* SenTestingKit.framework */,
			);
			name = Frameworks;
			sourceTree = "<group>";
		};
		9D3B98EB15F988FD00373277 /* weekTwo */ = {
			isa = PBXGroup;
			children = (
				9D3B98F415F988FD00373277 /* AppDelegate.h */,
				9D3B98F515F988FD00373277 /* AppDelegate.m */,
				9D3B98F715F988FD00373277 /* MainStoryboard.storyboard */,
				9D3B98FA15F988FD00373277 /* ViewController.h */,
				9D3B98FB15F988FD00373277 /* ViewController.m */,
				9D3B98EC15F988FD00373277 /* Supporting Files */,
			);
			path = weekTwo;
			sourceTree = "<group>";
		};
		9D3B98EC15F988FD00373277 /* Supporting Files */ = {
			isa = PBXGroup;
			children = (
				9D3B98ED15F988FD00373277 /* weekTwo-Info.plist */,
				9D3B98EE15F988FD00373277 /* InfoPlist.strings */,
				9D3B98F115F988FD00373277 /* main.m */,
				9D3B98F315F988FD00373277 /* weekTwo-Prefix.pch */,
			);
			name = "Supporting Files";
			sourceTree = "<group>";
		};
		9D3B990915F988FD00373277 /* weekTwoTests */ = {
			isa = PBXGroup;
			children = (
				9D3B990F15F988FD00373277 /* weekTwoTests.h */,
				9D3B991015F988FD00373277 /* weekTwoTests.m */,
				9D3B990A15F988FD00373277 /* Supporting Files */,
			);
			path = weekTwoTests;
			sourceTree = "<group>";
		};
		9D3B990A15F988FD00373277 /* Supporting Files */ = {
			isa = PBXGroup;
			children = (
				9D3B990B15F988FD00373277 /* weekTwoTests-Info.plist */,
				9D3B990C15F988FD00373277 /* InfoPlist.strings */,
			);
			name = "Supporting Files";
			sourceTree = "<group>";
		};
/* End PBXGroup section */

/* Begin PBXNativeTarget section */
		9D3B98E015F988FD00373277 /* weekTwo */ = {
			isa = PBXNativeTarget;
			buildConfigurationList = 9D3B991415F988FD00373277 /* Build configuration list for PBXNativeTarget "weekTwo" */;
			buildPhases = (
				9D3B98DD15F988FD00373277 /* Sources */,
				9D3B98DE15F988FD00373277 /* Frameworks */,
				9D3B98DF15F988FD00373277 /* Resources */,
			);
			buildRules = (
			);
			dependencies = (
			);
			name = weekTwo;
			productName = weekTwo;
			productReference = 9D3B98E115F988FD00373277 /* weekTwo.app */;
			productType = "com.apple.product-type.application";
		};
		9D3B990115F988FD00373277 /* weekTwoTests */ = {
			isa = PBXNativeTarget;
			buildConfigurationList = 9D3B991715F988FD00373277 /* Build configuration list for PBXNativeTarget "weekTwoTests" */;
			buildPhases = (
				9D3B98FD15F988FD00373277 /* Sources */,
				9D3B98FE15F988FD00373277 /* Frameworks */,
				9D3B98FF15F988FD00373277 /* Resources */,
				9D3B990015F988FD00373277 /* ShellScript */,
			);
			buildRules = (
			);
			dependencies = (
				9D3B990815F988FD00373277 /* PBXTargetDependency */,
			);
			name = weekTwoTests;
			productName = weekTwoTests;
			productReference = 9D3B990215F988FD00373277 /* weekTwoTests.octest */;
			productType = "com.apple.product-type.bundle";
		};
/* End PBXNativeTarget section */

/* Begin PBXProject section */
		9D3B98D815F988FC00373277 /* Project object */ = {
			isa = PBXProject;
			attributes = {
				LastUpgradeCheck = 0440;
				ORGANIZATIONNAME = "Richard Inniss";
			};
			buildConfigurationList = 9D3B98DB15F988FD00373277 /* Build configuration list for PBXProject "weekTwo" */;
			compatibilityVersion = "Xcode 3.2";
			developmentRegion = English;
			hasScannedForEncodings = 0;
			knownRegions = (
				en,
			);
			mainGroup = 9D3B98D615F988FC00373277;
			productRefGroup = 9D3B98E215F988FD00373277 /* Products */;
			projectDirPath = "";
			projectRoot = "";
			targets = (
				9D3B98E015F988FD00373277 /* weekTwo */,
				9D3B990115F988FD00373277 /* weekTwoTests */,
			);
		};
/* End PBXProject section */

/* Begin PBXResourcesBuildPhase section */
		9D3B98DF15F988FD00373277 /* Resources */ = {
			isa = PBXResourcesBuildPhase;
			buildActionMask = 2147483647;
			files = (
				9D3B98F015F988FD00373277 /* InfoPlist.strings in Resources */,
				9D3B98F915F988FD00373277 /* MainStoryboard.storyboard in Resources */,
			);
			runOnlyForDeploymentPostprocessing = 0;
		};
		9D3B98FF15F988FD00373277 /* Resources */ = {
			isa = PBXResourcesBuildPhase;
			buildActionMask = 2147483647;
			files = (
				9D3B990E15F988FD00373277 /* InfoPlist.strings in Resources */,
			);
			runOnlyForDeploymentPostprocessing = 0;
		};
/* End PBXResourcesBuildPhase section */

/* Begin PBXShellScriptBuildPhase section */
		9D3B990015F988FD00373277 /* ShellScript */ = {
			isa = PBXShellScriptBuildPhase;
			buildActionMask = 2147483647;
			files = (
			);
			inputPaths = (
			);
			outputPaths = (
			);
			runOnlyForDeploymentPostprocessing = 0;
			shellPath = /bin/sh;
			shellScript = "# Run the unit tests in this test bundle.\n\"${SYSTEM_DEVELOPER_DIR}/Tools/RunUnitTests\"\n";
		};
/* End PBXShellScriptBuildPhase section */

/* Begin PBXSourcesBuildPhase section */
		9D3B98DD15F988FD00373277 /* Sources */ = {
			isa = PBXSourcesBuildPhase;
			buildActionMask = 2147483647;
			files = (
				9D3B98F215F988FD00373277 /* main.m in Sources */,
				9D3B98F615F988FD00373277 /* AppDelegate.m in Sources */,
				9D3B98FC15F988FD00373277 /* ViewController.m in Sources */,
			);
			runOnlyForDeploymentPostprocessing = 0;
		};
		9D3B98FD15F988FD00373277 /* Sources */ = {
			isa = PBXSourcesBuildPhase;
			buildActionMask = 2147483647;
			files = (
				9D3B991115F988FD00373277 /* weekTwoTests.m in Sources */,
			);
			runOnlyForDeploymentPostprocessing = 0;
		};
/* End PBXSourcesBuildPhase section */

/* Begin PBXTargetDependency section */
		9D3B990815F988FD00373277 /* PBXTargetDependency */ = {
			isa = PBXTargetDependency;
			target = 9D3B98E015F988FD00373277 /* weekTwo */;
			targetProxy = 9D3B990715F988FD00373277 /* PBXContainerItemProxy */;
		};
/* End PBXTargetDependency section */

/* Begin PBXVariantGroup section */
		9D3B98EE15F988FD00373277 /* InfoPlist.strings */ = {
			isa = PBXVariantGroup;
			children = (
				9D3B98EF15F988FD00373277 /* en */,
			);
			name = InfoPlist.strings;
			sourceTree = "<group>";
		};
		9D3B98F715F988FD00373277 /* MainStoryboard.storyboard */ = {
			isa = PBXVariantGroup;
			children = (
				9D3B98F815F988FD00373277 /* en */,
			);
			name = MainStoryboard.storyboard;
			sourceTree = "<group>";
		};
		9D3B990C15F988FD00373277 /* InfoPlist.strings */ = {
			isa = PBXVariantGroup;
			children = (
				9D3B990D15F988FD00373277 /* en */,
			);
			name = InfoPlist.strings;
			sourceTree = "<group>";
		};
/* End PBXVariantGroup section */

/* Begin XCBuildConfiguration section */
		9D3B991215F988FD00373277 /* Debug */ = {
			isa = XCBuildConfiguration;
			buildSettings = {
				ALWAYS_SEARCH_USER_PATHS = NO;
				ARCHS = "$(ARCHS_STANDARD_32_BIT)";
				CLANG_CXX_LANGUAGE_STANDARD = "gnu++0x";
				CLANG_ENABLE_OBJC_ARC = YES;
				CLANG_WARN__DUPLICATE_METHOD_MATCH = YES;
				"CODE_SIGN_IDENTITY[sdk=iphoneos*]" = "iPhone Developer";
				COPY_PHASE_STRIP = NO;
				GCC_C_LANGUAGE_STANDARD = gnu99;
				GCC_DYNAMIC_NO_PIC = NO;
				GCC_OPTIMIZATION_LEVEL = 0;
				GCC_PREPROCESSOR_DEFINITIONS = (
					"DEBUG=1",
					"$(inherited)",
				);
				GCC_SYMBOLS_PRIVATE_EXTERN = NO;
				GCC_VERSION = com.apple.compilers.llvm.clang.1_0;
				GCC_WARN_ABOUT_RETURN_TYPE = YES;
				GCC_WARN_UNINITIALIZED_AUTOS = YES;
				GCC_WARN_UNUSED_VARIABLE = YES;
				IPHONEOS_DEPLOYMENT_TARGET = 5.1;
				SDKROOT = iphoneos;
			};
			name = Debug;
		};
		9D3B991315F988FD00373277 /* Release */ = {
			isa = XCBuildConfiguration;
			buildSettings = {
				ALWAYS_SEARCH_USER_PATHS = NO;
				ARCHS = "$(ARCHS_STANDARD_32_BIT)";
				CLANG_CXX_LANGUAGE_STANDARD = "gnu++0x";
				CLANG_ENABLE_OBJC_ARC = YES;
				CLANG_WARN__DUPLICATE_METHOD_MATCH = YES;
				"CODE_SIGN_IDENTITY[sdk=iphoneos*]" = "iPhone Developer";
				COPY_PHASE_STRIP = YES;
				GCC_C_LANGUAGE_STANDARD = gnu99;
				GCC_VERSION = com.apple.compilers.llvm.clang.1_0;
				GCC_WARN_ABOUT_RETURN_TYPE = YES;
				GCC_WARN_UNINITIALIZED_AUTOS = YES;
				GCC_WARN_UNUSED_VARIABLE = YES;
				IPHONEOS_DEPLOYMENT_TARGET = 5.1;
				OTHER_CFLAGS = "-DNS_BLOCK_ASSERTIONS=1";
				SDKROOT = iphoneos;
				VALIDATE_PRODUCT = YES;
			};
			name = Release;
		};
		9D3B991515F988FD00373277 /* Debug */ = {
			isa = XCBuildConfiguration;
			buildSettings = {
				GCC_PRECOMPILE_PREFIX_HEADER = YES;
				GCC_PREFIX_HEADER = "weekTwo/weekTwo-Prefix.pch";
				INFOPLIST_FILE = "weekTwo/weekTwo-Info.plist";
				PRODUCT_NAME = "$(TARGET_NAME)";
				WRAPPER_EXTENSION = app;
			};
			name = Debug;
		};
		9D3B991615F988FD00373277 /* Release */ = {
			isa = XCBuildConfiguration;
			buildSettings = {
				GCC_PRECOMPILE_PREFIX_HEADER = YES;
				GCC_PREFIX_HEADER = "weekTwo/weekTwo-Prefix.pch";
				INFOPLIST_FILE = "weekTwo/weekTwo-Info.plist";
				PRODUCT_NAME = "$(TARGET_NAME)";
				WRAPPER_EXTENSION = app;
			};
			name = Release;
		};
		9D3B991815F988FD00373277 /* Debug */ = {
			isa = XCBuildConfiguration;
			buildSettings = {
				BUNDLE_LOADER = "$(BUILT_PRODUCTS_DIR)/weekTwo.app/weekTwo";
				FRAMEWORK_SEARCH_PATHS = (
					"\"$(SDKROOT)/Developer/Library/Frameworks\"",
					"\"$(DEVELOPER_LIBRARY_DIR)/Frameworks\"",
				);
				GCC_PRECOMPILE_PREFIX_HEADER = YES;
				GCC_PREFIX_HEADER = "weekTwo/weekTwo-Prefix.pch";
				INFOPLIST_FILE = "weekTwoTests/weekTwoTests-Info.plist";
				PRODUCT_NAME = "$(TARGET_NAME)";
				TEST_HOST = "$(BUNDLE_LOADER)";
				WRAPPER_EXTENSION = octest;
			};
			name = Debug;
		};
		9D3B991915F988FD00373277 /* Release */ = {
			isa = XCBuildConfiguration;
			buildSettings = {
				BUNDLE_LOADER = "$(BUILT_PRODUCTS_DIR)/weekTwo.app/weekTwo";
				FRAMEWORK_SEARCH_PATHS = (
					"\"$(SDKROOT)/Developer/Library/Frameworks\"",
					"\"$(DEVELOPER_LIBRARY_DIR)/Frameworks\"",
				);
				GCC_PRECOMPILE_PREFIX_HEADER = YES;
				GCC_PREFIX_HEADER = "weekTwo/weekTwo-Prefix.pch";
				INFOPLIST_FILE = "weekTwoTests/weekTwoTests-Info.plist";
				PRODUCT_NAME = "$(TARGET_NAME)";
				TEST_HOST = "$(BUNDLE_LOADER)";
				WRAPPER_EXTENSION = octest;
			};
			name = Release;
		};
/* End XCBuildConfiguration section */

/* Begin XCConfigurationList section */
		9D3B98DB15F988FD00373277 /* Build configuration list for PBXProject "weekTwo" */ = {
			isa = XCConfigurationList;
			buildConfigurations = (
				9D3B991215F988FD00373277 /* Debug */,
				9D3B991315F988FD00373277 /* Release */,
			);
			defaultConfigurationIsVisible = 0;
			defaultConfigurationName = Release;
		};
		9D3B991415F988FD00373277 /* Build configuration list for PBXNativeTarget "weekTwo" */ = {
			isa = XCConfigurationList;
			buildConfigurations = (
				9D3B991515F988FD00373277 /* Debug */,
				9D3B991615F988FD00373277 /* Release */,
			);
			defaultConfigurationIsVisible = 0;
		};
		9D3B991715F988FD00373277 /* Build configuration list for PBXNativeTarget "weekTwoTests" */ = {
			isa = XCConfigurationList;
			buildConfigurations = (
				9D3B991815F988FD00373277 /* Debug */,
				9D3B991915F988FD00373277 /* Release */,
			);
			defaultConfigurationIsVisible = 0;
		};
/* End XCConfigurationList section */
	};
	rootObject = 9D3B98D815F988FC00373277 /* Project object */;
}
