// !$*UTF8*$!
{
	archiveVersion = 1;
	classes = {
	};
	objectVersion = 46;
	objects = {

/* Begin PBXBuildFile section */
		9D14083B15F833D600A8D334 /* UIKit.framework in Frameworks */ = {isa = PBXBuildFile; fileRef = 9D14083A15F833D600A8D334 /* UIKit.framework */; };
		9D14083D15F833D600A8D334 /* Foundation.framework in Frameworks */ = {isa = PBXBuildFile; fileRef = 9D14083C15F833D600A8D334 /* Foundation.framework */; };
		9D14083F15F833D600A8D334 /* CoreGraphics.framework in Frameworks */ = {isa = PBXBuildFile; fileRef = 9D14083E15F833D600A8D334 /* CoreGraphics.framework */; };
		9D14084515F833D600A8D334 /* InfoPlist.strings in Resources */ = {isa = PBXBuildFile; fileRef = 9D14084315F833D600A8D334 /* InfoPlist.strings */; };
		9D14084715F833D600A8D334 /* main.m in Sources */ = {isa = PBXBuildFile; fileRef = 9D14084615F833D600A8D334 /* main.m */; };
		9D14084B15F833D600A8D334 /* AppDelegate.m in Sources */ = {isa = PBXBuildFile; fileRef = 9D14084A15F833D600A8D334 /* AppDelegate.m */; };
		9D14085315F833D600A8D334 /* SenTestingKit.framework in Frameworks */ = {isa = PBXBuildFile; fileRef = 9D14085215F833D600A8D334 /* SenTestingKit.framework */; };
		9D14085415F833D600A8D334 /* UIKit.framework in Frameworks */ = {isa = PBXBuildFile; fileRef = 9D14083A15F833D600A8D334 /* UIKit.framework */; };
		9D14085515F833D600A8D334 /* Foundation.framework in Frameworks */ = {isa = PBXBuildFile; fileRef = 9D14083C15F833D600A8D334 /* Foundation.framework */; };
		9D14085D15F833D600A8D334 /* InfoPlist.strings in Resources */ = {isa = PBXBuildFile; fileRef = 9D14085B15F833D600A8D334 /* InfoPlist.strings */; };
		9D14086015F833D600A8D334 /* weekTwoTests.m in Sources */ = {isa = PBXBuildFile; fileRef = 9D14085F15F833D600A8D334 /* weekTwoTests.m */; };
/* End PBXBuildFile section */

/* Begin PBXContainerItemProxy section */
		9D14085615F833D600A8D334 /* PBXContainerItemProxy */ = {
			isa = PBXContainerItemProxy;
			containerPortal = 9D14082D15F833D600A8D334 /* Project object */;
			proxyType = 1;
			remoteGlobalIDString = 9D14083515F833D600A8D334;
			remoteInfo = weekTwo;
		};
/* End PBXContainerItemProxy section */

/* Begin PBXFileReference section */
		9D14083615F833D600A8D334 /* weekTwo.app */ = {isa = PBXFileReference; explicitFileType = wrapper.application; includeInIndex = 0; path = weekTwo.app; sourceTree = BUILT_PRODUCTS_DIR; };
		9D14083A15F833D600A8D334 /* UIKit.framework */ = {isa = PBXFileReference; lastKnownFileType = wrapper.framework; name = UIKit.framework; path = System/Library/Frameworks/UIKit.framework; sourceTree = SDKROOT; };
		9D14083C15F833D600A8D334 /* Foundation.framework */ = {isa = PBXFileReference; lastKnownFileType = wrapper.framework; name = Foundation.framework; path = System/Library/Frameworks/Foundation.framework; sourceTree = SDKROOT; };
		9D14083E15F833D600A8D334 /* CoreGraphics.framework */ = {isa = PBXFileReference; lastKnownFileType = wrapper.framework; name = CoreGraphics.framework; path = System/Library/Frameworks/CoreGraphics.framework; sourceTree = SDKROOT; };
		9D14084215F833D600A8D334 /* weekTwo-Info.plist */ = {isa = PBXFileReference; lastKnownFileType = text.plist.xml; path = "weekTwo-Info.plist"; sourceTree = "<group>"; };
		9D14084415F833D600A8D334 /* en */ = {isa = PBXFileReference; lastKnownFileType = text.plist.strings; name = en; path = en.lproj/InfoPlist.strings; sourceTree = "<group>"; };
		9D14084615F833D600A8D334 /* main.m */ = {isa = PBXFileReference; lastKnownFileType = sourcecode.c.objc; path = main.m; sourceTree = "<group>"; };
		9D14084815F833D600A8D334 /* weekTwo-Prefix.pch */ = {isa = PBXFileReference; lastKnownFileType = sourcecode.c.h; path = "weekTwo-Prefix.pch"; sourceTree = "<group>"; };
		9D14084915F833D600A8D334 /* AppDelegate.h */ = {isa = PBXFileReference; lastKnownFileType = sourcecode.c.h; path = AppDelegate.h; sourceTree = "<group>"; };
		9D14084A15F833D600A8D334 /* AppDelegate.m */ = {isa = PBXFileReference; lastKnownFileType = sourcecode.c.objc; path = AppDelegate.m; sourceTree = "<group>"; };
		9D14085115F833D600A8D334 /* weekTwoTests.octest */ = {isa = PBXFileReference; explicitFileType = wrapper.cfbundle; includeInIndex = 0; path = weekTwoTests.octest; sourceTree = BUILT_PRODUCTS_DIR; };
		9D14085215F833D600A8D334 /* SenTestingKit.framework */ = {isa = PBXFileReference; lastKnownFileType = wrapper.framework; name = SenTestingKit.framework; path = Library/Frameworks/SenTestingKit.framework; sourceTree = DEVELOPER_DIR; };
		9D14085A15F833D600A8D334 /* weekTwoTests-Info.plist */ = {isa = PBXFileReference; lastKnownFileType = text.plist.xml; path = "weekTwoTests-Info.plist"; sourceTree = "<group>"; };
		9D14085C15F833D600A8D334 /* en */ = {isa = PBXFileReference; lastKnownFileType = text.plist.strings; name = en; path = en.lproj/InfoPlist.strings; sourceTree = "<group>"; };
		9D14085E15F833D600A8D334 /* weekTwoTests.h */ = {isa = PBXFileReference; lastKnownFileType = sourcecode.c.h; path = weekTwoTests.h; sourceTree = "<group>"; };
		9D14085F15F833D600A8D334 /* weekTwoTests.m */ = {isa = PBXFileReference; lastKnownFileType = sourcecode.c.objc; path = weekTwoTests.m; sourceTree = "<group>"; };
/* End PBXFileReference section */

/* Begin PBXFrameworksBuildPhase section */
		9D14083315F833D600A8D334 /* Frameworks */ = {
			isa = PBXFrameworksBuildPhase;
			buildActionMask = 2147483647;
			files = (
				9D14083B15F833D600A8D334 /* UIKit.framework in Frameworks */,
				9D14083D15F833D600A8D334 /* Foundation.framework in Frameworks */,
				9D14083F15F833D600A8D334 /* CoreGraphics.framework in Frameworks */,
			);
			runOnlyForDeploymentPostprocessing = 0;
		};
		9D14084D15F833D600A8D334 /* Frameworks */ = {
			isa = PBXFrameworksBuildPhase;
			buildActionMask = 2147483647;
			files = (
				9D14085315F833D600A8D334 /* SenTestingKit.framework in Frameworks */,
				9D14085415F833D600A8D334 /* UIKit.framework in Frameworks */,
				9D14085515F833D600A8D334 /* Foundation.framework in Frameworks */,
			);
			runOnlyForDeploymentPostprocessing = 0;
		};
/* End PBXFrameworksBuildPhase section */

/* Begin PBXGroup section */
		9D14082B15F833D600A8D334 = {
			isa = PBXGroup;
			children = (
				9D14084015F833D600A8D334 /* weekTwo */,
				9D14085815F833D600A8D334 /* weekTwoTests */,
				9D14083915F833D600A8D334 /* Frameworks */,
				9D14083715F833D600A8D334 /* Products */,
			);
			sourceTree = "<group>";
		};
		9D14083715F833D600A8D334 /* Products */ = {
			isa = PBXGroup;
			children = (
				9D14083615F833D600A8D334 /* weekTwo.app */,
				9D14085115F833D600A8D334 /* weekTwoTests.octest */,
			);
			name = Products;
			sourceTree = "<group>";
		};
		9D14083915F833D600A8D334 /* Frameworks */ = {
			isa = PBXGroup;
			children = (
				9D14083A15F833D600A8D334 /* UIKit.framework */,
				9D14083C15F833D600A8D334 /* Foundation.framework */,
				9D14083E15F833D600A8D334 /* CoreGraphics.framework */,
				9D14085215F833D600A8D334 /* SenTestingKit.framework */,
			);
			name = Frameworks;
			sourceTree = "<group>";
		};
		9D14084015F833D600A8D334 /* weekTwo */ = {
			isa = PBXGroup;
			children = (
				9D14084915F833D600A8D334 /* AppDelegate.h */,
				9D14084A15F833D600A8D334 /* AppDelegate.m */,
				9D14084115F833D600A8D334 /* Supporting Files */,
			);
			path = weekTwo;
			sourceTree = "<group>";
		};
		9D14084115F833D600A8D334 /* Supporting Files */ = {
			isa = PBXGroup;
			children = (
				9D14084215F833D600A8D334 /* weekTwo-Info.plist */,
				9D14084315F833D600A8D334 /* InfoPlist.strings */,
				9D14084615F833D600A8D334 /* main.m */,
				9D14084815F833D600A8D334 /* weekTwo-Prefix.pch */,
			);
			name = "Supporting Files";
			sourceTree = "<group>";
		};
		9D14085815F833D600A8D334 /* weekTwoTests */ = {
			isa = PBXGroup;
			children = (
				9D14085E15F833D600A8D334 /* weekTwoTests.h */,
				9D14085F15F833D600A8D334 /* weekTwoTests.m */,
				9D14085915F833D600A8D334 /* Supporting Files */,
			);
			path = weekTwoTests;
			sourceTree = "<group>";
		};
		9D14085915F833D600A8D334 /* Supporting Files */ = {
			isa = PBXGroup;
			children = (
				9D14085A15F833D600A8D334 /* weekTwoTests-Info.plist */,
				9D14085B15F833D600A8D334 /* InfoPlist.strings */,
			);
			name = "Supporting Files";
			sourceTree = "<group>";
		};
/* End PBXGroup section */

/* Begin PBXNativeTarget section */
		9D14083515F833D600A8D334 /* weekTwo */ = {
			isa = PBXNativeTarget;
			buildConfigurationList = 9D14086315F833D600A8D334 /* Build configuration list for PBXNativeTarget "weekTwo" */;
			buildPhases = (
				9D14083215F833D600A8D334 /* Sources */,
				9D14083315F833D600A8D334 /* Frameworks */,
				9D14083415F833D600A8D334 /* Resources */,
			);
			buildRules = (
			);
			dependencies = (
			);
			name = weekTwo;
			productName = weekTwo;
			productReference = 9D14083615F833D600A8D334 /* weekTwo.app */;
			productType = "com.apple.product-type.application";
		};
		9D14085015F833D600A8D334 /* weekTwoTests */ = {
			isa = PBXNativeTarget;
			buildConfigurationList = 9D14086615F833D600A8D334 /* Build configuration list for PBXNativeTarget "weekTwoTests" */;
			buildPhases = (
				9D14084C15F833D600A8D334 /* Sources */,
				9D14084D15F833D600A8D334 /* Frameworks */,
				9D14084E15F833D600A8D334 /* Resources */,
				9D14084F15F833D600A8D334 /* ShellScript */,
			);
			buildRules = (
			);
			dependencies = (
				9D14085715F833D600A8D334 /* PBXTargetDependency */,
			);
			name = weekTwoTests;
			productName = weekTwoTests;
			productReference = 9D14085115F833D600A8D334 /* weekTwoTests.octest */;
			productType = "com.apple.product-type.bundle";
		};
/* End PBXNativeTarget section */

/* Begin PBXProject section */
		9D14082D15F833D600A8D334 /* Project object */ = {
			isa = PBXProject;
			attributes = {
				LastUpgradeCheck = 0440;
				ORGANIZATIONNAME = "Richard Inniss";
			};
			buildConfigurationList = 9D14083015F833D600A8D334 /* Build configuration list for PBXProject "weekTwo" */;
			compatibilityVersion = "Xcode 3.2";
			developmentRegion = English;
			hasScannedForEncodings = 0;
			knownRegions = (
				en,
			);
			mainGroup = 9D14082B15F833D600A8D334;
			productRefGroup = 9D14083715F833D600A8D334 /* Products */;
			projectDirPath = "";
			projectRoot = "";
			targets = (
				9D14083515F833D600A8D334 /* weekTwo */,
				9D14085015F833D600A8D334 /* weekTwoTests */,
			);
		};
/* End PBXProject section */

/* Begin PBXResourcesBuildPhase section */
		9D14083415F833D600A8D334 /* Resources */ = {
			isa = PBXResourcesBuildPhase;
			buildActionMask = 2147483647;
			files = (
				9D14084515F833D600A8D334 /* InfoPlist.strings in Resources */,
			);
			runOnlyForDeploymentPostprocessing = 0;
		};
		9D14084E15F833D600A8D334 /* Resources */ = {
			isa = PBXResourcesBuildPhase;
			buildActionMask = 2147483647;
			files = (
				9D14085D15F833D600A8D334 /* InfoPlist.strings in Resources */,
			);
			runOnlyForDeploymentPostprocessing = 0;
		};
/* End PBXResourcesBuildPhase section */

/* Begin PBXShellScriptBuildPhase section */
		9D14084F15F833D600A8D334 /* ShellScript */ = {
			isa = PBXShellScriptBuildPhase;
			buildActionMask = 2147483647;
			files = (
			);
			inputPaths = (
			);
			outputPaths = (
			);
			runOnlyForDeploymentPostprocessing = 0;
			shellPath = /bin/sh;
			shellScript = "# Run the unit tests in this test bundle.\n\"${SYSTEM_DEVELOPER_DIR}/Tools/RunUnitTests\"\n";
		};
/* End PBXShellScriptBuildPhase section */

/* Begin PBXSourcesBuildPhase section */
		9D14083215F833D600A8D334 /* Sources */ = {
			isa = PBXSourcesBuildPhase;
			buildActionMask = 2147483647;
			files = (
				9D14084715F833D600A8D334 /* main.m in Sources */,
				9D14084B15F833D600A8D334 /* AppDelegate.m in Sources */,
			);
			runOnlyForDeploymentPostprocessing = 0;
		};
		9D14084C15F833D600A8D334 /* Sources */ = {
			isa = PBXSourcesBuildPhase;
			buildActionMask = 2147483647;
			files = (
				9D14086015F833D600A8D334 /* weekTwoTests.m in Sources */,
			);
			runOnlyForDeploymentPostprocessing = 0;
		};
/* End PBXSourcesBuildPhase section */

/* Begin PBXTargetDependency section */
		9D14085715F833D600A8D334 /* PBXTargetDependency */ = {
			isa = PBXTargetDependency;
			target = 9D14083515F833D600A8D334 /* weekTwo */;
			targetProxy = 9D14085615F833D600A8D334 /* PBXContainerItemProxy */;
		};
/* End PBXTargetDependency section */

/* Begin PBXVariantGroup section */
		9D14084315F833D600A8D334 /* InfoPlist.strings */ = {
			isa = PBXVariantGroup;
			children = (
				9D14084415F833D600A8D334 /* en */,
			);
			name = InfoPlist.strings;
			sourceTree = "<group>";
		};
		9D14085B15F833D600A8D334 /* InfoPlist.strings */ = {
			isa = PBXVariantGroup;
			children = (
				9D14085C15F833D600A8D334 /* en */,
			);
			name = InfoPlist.strings;
			sourceTree = "<group>";
		};
/* End PBXVariantGroup section */

/* Begin XCBuildConfiguration section */
		9D14086115F833D600A8D334 /* Debug */ = {
			isa = XCBuildConfiguration;
			buildSettings = {
				ALWAYS_SEARCH_USER_PATHS = NO;
				ARCHS = "$(ARCHS_STANDARD_32_BIT)";
				CLANG_CXX_LANGUAGE_STANDARD = "gnu++0x";
				CLANG_ENABLE_OBJC_ARC = YES;
				CLANG_WARN__DUPLICATE_METHOD_MATCH = YES;
				"CODE_SIGN_IDENTITY[sdk=iphoneos*]" = "iPhone Developer";
				COPY_PHASE_STRIP = NO;
				GCC_C_LANGUAGE_STANDARD = gnu99;
				GCC_DYNAMIC_NO_PIC = NO;
				GCC_OPTIMIZATION_LEVEL = 0;
				GCC_PREPROCESSOR_DEFINITIONS = (
					"DEBUG=1",
					"$(inherited)",
				);
				GCC_SYMBOLS_PRIVATE_EXTERN = NO;
				GCC_VERSION = com.apple.compilers.llvm.clang.1_0;
				GCC_WARN_ABOUT_RETURN_TYPE = YES;
				GCC_WARN_UNINITIALIZED_AUTOS = YES;
				GCC_WARN_UNUSED_VARIABLE = YES;
				IPHONEOS_DEPLOYMENT_TARGET = 5.1;
				SDKROOT = iphoneos;
			};
			name = Debug;
		};
		9D14086215F833D600A8D334 /* Release */ = {
			isa = XCBuildConfiguration;
			buildSettings = {
				ALWAYS_SEARCH_USER_PATHS = NO;
				ARCHS = "$(ARCHS_STANDARD_32_BIT)";
				CLANG_CXX_LANGUAGE_STANDARD = "gnu++0x";
				CLANG_ENABLE_OBJC_ARC = YES;
				CLANG_WARN__DUPLICATE_METHOD_MATCH = YES;
				"CODE_SIGN_IDENTITY[sdk=iphoneos*]" = "iPhone Developer";
				COPY_PHASE_STRIP = YES;
				GCC_C_LANGUAGE_STANDARD = gnu99;
				GCC_VERSION = com.apple.compilers.llvm.clang.1_0;
				GCC_WARN_ABOUT_RETURN_TYPE = YES;
				GCC_WARN_UNINITIALIZED_AUTOS = YES;
				GCC_WARN_UNUSED_VARIABLE = YES;
				IPHONEOS_DEPLOYMENT_TARGET = 5.1;
				OTHER_CFLAGS = "-DNS_BLOCK_ASSERTIONS=1";
				SDKROOT = iphoneos;
				VALIDATE_PRODUCT = YES;
			};
			name = Release;
		};
		9D14086415F833D600A8D334 /* Debug */ = {
			isa = XCBuildConfiguration;
			buildSettings = {
				GCC_PRECOMPILE_PREFIX_HEADER = YES;
				GCC_PREFIX_HEADER = "weekTwo/weekTwo-Prefix.pch";
				INFOPLIST_FILE = "weekTwo/weekTwo-Info.plist";
				PRODUCT_NAME = "$(TARGET_NAME)";
				WRAPPER_EXTENSION = app;
			};
			name = Debug;
		};
		9D14086515F833D600A8D334 /* Release */ = {
			isa = XCBuildConfiguration;
			buildSettings = {
				GCC_PRECOMPILE_PREFIX_HEADER = YES;
				GCC_PREFIX_HEADER = "weekTwo/weekTwo-Prefix.pch";
				INFOPLIST_FILE = "weekTwo/weekTwo-Info.plist";
				PRODUCT_NAME = "$(TARGET_NAME)";
				WRAPPER_EXTENSION = app;
			};
			name = Release;
		};
		9D14086715F833D600A8D334 /* Debug */ = {
			isa = XCBuildConfiguration;
			buildSettings = {
				BUNDLE_LOADER = "$(BUILT_PRODUCTS_DIR)/weekTwo.app/weekTwo";
				FRAMEWORK_SEARCH_PATHS = (
					"\"$(SDKROOT)/Developer/Library/Frameworks\"",
					"\"$(DEVELOPER_LIBRARY_DIR)/Frameworks\"",
				);
				GCC_PRECOMPILE_PREFIX_HEADER = YES;
				GCC_PREFIX_HEADER = "weekTwo/weekTwo-Prefix.pch";
				INFOPLIST_FILE = "weekTwoTests/weekTwoTests-Info.plist";
				PRODUCT_NAME = "$(TARGET_NAME)";
				TEST_HOST = "$(BUNDLE_LOADER)";
				WRAPPER_EXTENSION = octest;
			};
			name = Debug;
		};
		9D14086815F833D600A8D334 /* Release */ = {
			isa = XCBuildConfiguration;
			buildSettings = {
				BUNDLE_LOADER = "$(BUILT_PRODUCTS_DIR)/weekTwo.app/weekTwo";
				FRAMEWORK_SEARCH_PATHS = (
					"\"$(SDKROOT)/Developer/Library/Frameworks\"",
					"\"$(DEVELOPER_LIBRARY_DIR)/Frameworks\"",
				);
				GCC_PRECOMPILE_PREFIX_HEADER = YES;
				GCC_PREFIX_HEADER = "weekTwo/weekTwo-Prefix.pch";
				INFOPLIST_FILE = "weekTwoTests/weekTwoTests-Info.plist";
				PRODUCT_NAME = "$(TARGET_NAME)";
				TEST_HOST = "$(BUNDLE_LOADER)";
				WRAPPER_EXTENSION = octest;
			};
			name = Release;
		};
/* End XCBuildConfiguration section */

/* Begin XCConfigurationList section */
		9D14083015F833D600A8D334 /* Build configuration list for PBXProject "weekTwo" */ = {
			isa = XCConfigurationList;
			buildConfigurations = (
				9D14086115F833D600A8D334 /* Debug */,
				9D14086215F833D600A8D334 /* Release */,
			);
			defaultConfigurationIsVisible = 0;
			defaultConfigurationName = Release;
		};
		9D14086315F833D600A8D334 /* Build configuration list for PBXNativeTarget "weekTwo" */ = {
			isa = XCConfigurationList;
			buildConfigurations = (
				9D14086415F833D600A8D334 /* Debug */,
				9D14086515F833D600A8D334 /* Release */,
			);
			defaultConfigurationIsVisible = 0;
		};
		9D14086615F833D600A8D334 /* Build configuration list for PBXNativeTarget "weekTwoTests" */ = {
			isa = XCConfigurationList;
			buildConfigurations = (
				9D14086715F833D600A8D334 /* Debug */,
				9D14086815F833D600A8D334 /* Release */,
			);
			defaultConfigurationIsVisible = 0;
		};
/* End XCConfigurationList section */
	};
	rootObject = 9D14082D15F833D600A8D334 /* Project object */;
}
